dependencies:
  espressif/button:
    component_hash: 1f5297fe16f0ee988dbb14b6f4c91782fe2baf85025bb15cc1e0093edd3fb2ee
    source:
      service_url: https://api.components.espressif.com/
      type: service
    version: 3.2.0
  espressif/cmake_utilities:
    component_hash: 351350613ceafba240b761b4ea991e0f231ac7a9f59a9ee901f751bddc0bb18f
    source:
      service_url: https://api.components.espressif.com/
      type: service
    version: 0.5.3
  espressif/knob:
    component_hash: 82be300874487955cfe47254eebbc1100f6d7d66b647df4bd71e0c0af836d73b
    source:
      service_url: https://api.components.espressif.com/
      type: service
    version: 0.1.4
  idf:
    component_hash: null
    source:
      type: idf
    version: 5.1.2
manifest_hash: 2859816547d1ea00b96f71cd923e83c6eb16c56ed140dc96abd9b56c49242005
target: esp32c3
version: 1.0.0
